
Microsoft Visual Studio Solution File, Format Version 11.00
# Visual Studio 2010
Project("{FAE04EC0-301F-11D3-BF4B-00C04F79EFBC}") = "aStarPathing", "Assembly-CSharp-firstpass.csproj", "{64CFC560-C0F5-458B-ADC9-D7619E958E1B}"
EndProject
Project("{FAE04EC0-301F-11D3-BF4B-00C04F79EFBC}") = "aStarPathing", "Assembly-CSharp-Editor.csproj", "{DEC5013B-D66D-F4D0-B7E2-B707C2BB561D}"
EndProject
Project("{FAE04EC0-301F-11D3-BF4B-00C04F79EFBC}") = "aStarPathing", "Assembly-CSharp-Editor-firstpass.csproj", "{6D590BD9-DB3B-2D8B-EA56-DB72EADC672B}"
EndProject
Project("{FAE04EC0-301F-11D3-BF4B-00C04F79EFBC}") = "aStarPathing", "Assembly-CSharp.csproj", "{0DB29DC4-FDA2-E4C7-DCA8-F81769C27677}"
EndProject
Global
	GlobalSection(SolutionConfigurationPlatforms) = preSolution
		Debug|Any CPU = Debug|Any CPU
		Release|Any CPU = Release|Any CPU
	EndGlobalSection
	GlobalSection(ProjectConfigurationPlatforms) = postSolution
		{64CFC560-C0F5-458B-ADC9-D7619E958E1B}.Debug|Any CPU.ActiveCfg = Debug|Any CPU
		{64CFC560-C0F5-458B-ADC9-D7619E958E1B}.Debug|Any CPU.Build.0 = Debug|Any CPU
		{64CFC560-C0F5-458B-ADC9-D7619E958E1B}.Release|Any CPU.ActiveCfg = Release|Any CPU
		{64CFC560-C0F5-458B-ADC9-D7619E958E1B}.Release|Any CPU.Build.0 = Release|Any CPU
		{DEC5013B-D66D-F4D0-B7E2-B707C2BB561D}.Debug|Any CPU.ActiveCfg = Debug|Any CPU
		{DEC5013B-D66D-F4D0-B7E2-B707C2BB561D}.Debug|Any CPU.Build.0 = Debug|Any CPU
		{DEC5013B-D66D-F4D0-B7E2-B707C2BB561D}.Release|Any CPU.ActiveCfg = Release|Any CPU
		{DEC5013B-D66D-F4D0-B7E2-B707C2BB561D}.Release|Any CPU.Build.0 = Release|Any CPU
		{6D590BD9-DB3B-2D8B-EA56-DB72EADC672B}.Debug|Any CPU.ActiveCfg = Debug|Any CPU
		{6D590BD9-DB3B-2D8B-EA56-DB72EADC672B}.Debug|Any CPU.Build.0 = Debug|Any CPU
		{6D590BD9-DB3B-2D8B-EA56-DB72EADC672B}.Release|Any CPU.ActiveCfg = Release|Any CPU
		{6D590BD9-DB3B-2D8B-EA56-DB72EADC672B}.Release|Any CPU.Build.0 = Release|Any CPU
		{0DB29DC4-FDA2-E4C7-DCA8-F81769C27677}.Debug|Any CPU.ActiveCfg = Debug|Any CPU
		{0DB29DC4-FDA2-E4C7-DCA8-F81769C27677}.Debug|Any CPU.Build.0 = Debug|Any CPU
		{0DB29DC4-FDA2-E4C7-DCA8-F81769C27677}.Release|Any CPU.ActiveCfg = Release|Any CPU
		{0DB29DC4-FDA2-E4C7-DCA8-F81769C27677}.Release|Any CPU.Build.0 = Release|Any CPU
	EndGlobalSection
	GlobalSection(SolutionProperties) = preSolution
		HideSolutionNode = FALSE
	EndGlobalSection
	GlobalSection(MonoDevelopProperties) = preSolution
		StartupItem = Assembly-CSharp.csproj
	EndGlobalSection
EndGlobal
