
Microsoft Visual Studio Solution File, Format Version 11.00
# Visual Studio 2010
Project("{FAE04EC0-301F-11D3-BF4B-00C04F79EFBC}") = "aStarV2.3", "Assembly-CSharp.csproj", "{25A3E12B-4190-1909-98FC-C27E5F132BE8}"
EndProject
Project("{FAE04EC0-301F-11D3-BF4B-00C04F79EFBC}") = "aStarV2.3", "Assembly-CSharp-Editor.csproj", "{116C20EA-DDD7-160B-3C91-0CC696A137BE}"
EndProject
Global
	GlobalSection(SolutionConfigurationPlatforms) = preSolution
		Debug|Any CPU = Debug|Any CPU
		Release|Any CPU = Release|Any CPU
	EndGlobalSection
	GlobalSection(ProjectConfigurationPlatforms) = postSolution
		{25A3E12B-4190-1909-98FC-C27E5F132BE8}.Debug|Any CPU.ActiveCfg = Debug|Any CPU
		{25A3E12B-4190-1909-98FC-C27E5F132BE8}.Debug|Any CPU.Build.0 = Debug|Any CPU
		{25A3E12B-4190-1909-98FC-C27E5F132BE8}.Release|Any CPU.ActiveCfg = Release|Any CPU
		{25A3E12B-4190-1909-98FC-C27E5F132BE8}.Release|Any CPU.Build.0 = Release|Any CPU
		{116C20EA-DDD7-160B-3C91-0CC696A137BE}.Debug|Any CPU.ActiveCfg = Debug|Any CPU
		{116C20EA-DDD7-160B-3C91-0CC696A137BE}.Debug|Any CPU.Build.0 = Debug|Any CPU
		{116C20EA-DDD7-160B-3C91-0CC696A137BE}.Release|Any CPU.ActiveCfg = Release|Any CPU
		{116C20EA-DDD7-160B-3C91-0CC696A137BE}.Release|Any CPU.Build.0 = Release|Any CPU
	EndGlobalSection
	GlobalSection(SolutionProperties) = preSolution
		HideSolutionNode = FALSE
	EndGlobalSection
	GlobalSection(MonoDevelopProperties) = preSolution
		StartupItem = Assembly-CSharp.csproj
	EndGlobalSection
EndGlobal
